// !$*UTF8*$!
{
	archiveVersion = 1;
	classes = {
	};
	objectVersion = 51;
	objects = {

/* Begin PBXBuildFile section */
		2EC6248B7EE1D86597EC2DE1 /* Pods_SnapchatClone.framework in Frameworks */ = {isa = PBXBuildFile; fileRef = D3F2B47690CE7FB5DD0173E2 /* Pods_SnapchatClone.framework */; };
		650533AF262324A6002D6C09 /* SnapVC.swift in Sources */ = {isa = PBXBuildFile; fileRef = 650533AE262324A6002D6C09 /* SnapVC.swift */; };
		65074EF0262320210022A96C /* FeedVC.swift in Sources */ = {isa = PBXBuildFile; fileRef = 65074EEF262320210022A96C /* FeedVC.swift */; };
		65074EF3262320310022A96C /* UploadVC.swift in Sources */ = {isa = PBXBuildFile; fileRef = 65074EF2262320310022A96C /* UploadVC.swift */; };
		65074EF6262320540022A96C /* SettingsVC.swift in Sources */ = {isa = PBXBuildFile; fileRef = 65074EF5262320540022A96C /* SettingsVC.swift */; };
		65603EF62622466F0017D5A9 /* AppDelegate.swift in Sources */ = {isa = PBXBuildFile; fileRef = 65603EF52622466F0017D5A9 /* AppDelegate.swift */; };
		65603EF82622466F0017D5A9 /* SceneDelegate.swift in Sources */ = {isa = PBXBuildFile; fileRef = 65603EF72622466F0017D5A9 /* SceneDelegate.swift */; };
		65603EFA2622466F0017D5A9 /* SignInVC.swift in Sources */ = {isa = PBXBuildFile; fileRef = 65603EF92622466F0017D5A9 /* SignInVC.swift */; };
		65603EFD2622466F0017D5A9 /* Main.storyboard in Resources */ = {isa = PBXBuildFile; fileRef = 65603EFB2622466F0017D5A9 /* Main.storyboard */; };
		65603EFF262246700017D5A9 /* Assets.xcassets in Resources */ = {isa = PBXBuildFile; fileRef = 65603EFE262246700017D5A9 /* Assets.xcassets */; };
		65603F02262246700017D5A9 /* LaunchScreen.storyboard in Resources */ = {isa = PBXBuildFile; fileRef = 65603F00262246700017D5A9 /* LaunchScreen.storyboard */; };
		65603F0B262247080017D5A9 /* GoogleService-Info.plist in Resources */ = {isa = PBXBuildFile; fileRef = 65603F0A262247080017D5A9 /* GoogleService-Info.plist */; };
		65621880262344FD00960153 /* UserSingleton.swift in Sources */ = {isa = PBXBuildFile; fileRef = 6562187F262344FD00960153 /* UserSingleton.swift */; };
		656218992623770100960153 /* FeedCell.swift in Sources */ = {isa = PBXBuildFile; fileRef = 656218982623770000960153 /* FeedCell.swift */; };
		6562189D26237B9100960153 /* Snap.swift in Sources */ = {isa = PBXBuildFile; fileRef = 6562189C26237B9100960153 /* Snap.swift */; };
/* End PBXBuildFile section */

/* Begin PBXFileReference section */
		4D1A897A1039D47047342582 /* Pods-SnapchatClone.debug.xcconfig */ = {isa = PBXFileReference; includeInIndex = 1; lastKnownFileType = text.xcconfig; name = "Pods-SnapchatClone.debug.xcconfig"; path = "Target Support Files/Pods-SnapchatClone/Pods-SnapchatClone.debug.xcconfig"; sourceTree = "<group>"; };
		64022C233782FA53EFFB6BF5 /* Pods-SnapchatClone.release.xcconfig */ = {isa = PBXFileReference; includeInIndex = 1; lastKnownFileType = text.xcconfig; name = "Pods-SnapchatClone.release.xcconfig"; path = "Target Support Files/Pods-SnapchatClone/Pods-SnapchatClone.release.xcconfig"; sourceTree = "<group>"; };
		650533AE262324A6002D6C09 /* SnapVC.swift */ = {isa = PBXFileReference; lastKnownFileType = sourcecode.swift; path = SnapVC.swift; sourceTree = "<group>"; };
		65074EEF262320210022A96C /* FeedVC.swift */ = {isa = PBXFileReference; lastKnownFileType = sourcecode.swift; path = FeedVC.swift; sourceTree = "<group>"; };
		65074EF2262320310022A96C /* UploadVC.swift */ = {isa = PBXFileReference; lastKnownFileType = sourcecode.swift; path = UploadVC.swift; sourceTree = "<group>"; };
		65074EF5262320540022A96C /* SettingsVC.swift */ = {isa = PBXFileReference; lastKnownFileType = sourcecode.swift; path = SettingsVC.swift; sourceTree = "<group>"; };
		65603EF22622466F0017D5A9 /* SnapchatClone.app */ = {isa = PBXFileReference; explicitFileType = wrapper.application; includeInIndex = 0; path = SnapchatClone.app; sourceTree = BUILT_PRODUCTS_DIR; };
		65603EF52622466F0017D5A9 /* AppDelegate.swift */ = {isa = PBXFileReference; lastKnownFileType = sourcecode.swift; path = AppDelegate.swift; sourceTree = "<group>"; };
		65603EF72622466F0017D5A9 /* SceneDelegate.swift */ = {isa = PBXFileReference; lastKnownFileType = sourcecode.swift; path = SceneDelegate.swift; sourceTree = "<group>"; };
		65603EF92622466F0017D5A9 /* SignInVC.swift */ = {isa = PBXFileReference; lastKnownFileType = sourcecode.swift; path = SignInVC.swift; sourceTree = "<group>"; };
		65603EFC2622466F0017D5A9 /* Base */ = {isa = PBXFileReference; lastKnownFileType = file.storyboard; name = Base; path = Base.lproj/Main.storyboard; sourceTree = "<group>"; };
		65603EFE262246700017D5A9 /* Assets.xcassets */ = {isa = PBXFileReference; lastKnownFileType = folder.assetcatalog; path = Assets.xcassets; sourceTree = "<group>"; };
		65603F01262246700017D5A9 /* Base */ = {isa = PBXFileReference; lastKnownFileType = file.storyboard; name = Base; path = Base.lproj/LaunchScreen.storyboard; sourceTree = "<group>"; };
		65603F03262246700017D5A9 /* Info.plist */ = {isa = PBXFileReference; lastKnownFileType = text.plist.xml; path = Info.plist; sourceTree = "<group>"; };
		65603F0A262247080017D5A9 /* GoogleService-Info.plist */ = {isa = PBXFileReference; fileEncoding = 4; lastKnownFileType = text.plist.xml; path = "GoogleService-Info.plist"; sourceTree = "<group>"; };
		6562187F262344FD00960153 /* UserSingleton.swift */ = {isa = PBXFileReference; lastKnownFileType = sourcecode.swift; path = UserSingleton.swift; sourceTree = "<group>"; };
		656218982623770000960153 /* FeedCell.swift */ = {isa = PBXFileReference; lastKnownFileType = sourcecode.swift; path = FeedCell.swift; sourceTree = "<group>"; };
		6562189C26237B9100960153 /* Snap.swift */ = {isa = PBXFileReference; lastKnownFileType = sourcecode.swift; path = Snap.swift; sourceTree = "<group>"; };
		D3F2B47690CE7FB5DD0173E2 /* Pods_SnapchatClone.framework */ = {isa = PBXFileReference; explicitFileType = wrapper.framework; includeInIndex = 0; path = Pods_SnapchatClone.framework; sourceTree = BUILT_PRODUCTS_DIR; };
/* End PBXFileReference section */

/* Begin PBXFrameworksBuildPhase section */
		65603EEF2622466F0017D5A9 /* Frameworks */ = {
			isa = PBXFrameworksBuildPhase;
			buildActionMask = 2147483647;
			files = (
				2EC6248B7EE1D86597EC2DE1 /* Pods_SnapchatClone.framework in Frameworks */,
			);
			runOnlyForDeploymentPostprocessing = 0;
		};
/* End PBXFrameworksBuildPhase section */

/* Begin PBXGroup section */
		35D011EDD7A3A465A053F70C /* Pods */ = {
			isa = PBXGroup;
			children = (
				4D1A897A1039D47047342582 /* Pods-SnapchatClone.debug.xcconfig */,
				64022C233782FA53EFFB6BF5 /* Pods-SnapchatClone.release.xcconfig */,
			);
			path = Pods;
			sourceTree = "<group>";
		};
		40D48AF3C70E76E0E4D9563F /* Frameworks */ = {
			isa = PBXGroup;
			children = (
				D3F2B47690CE7FB5DD0173E2 /* Pods_SnapchatClone.framework */,
			);
			name = Frameworks;
			sourceTree = "<group>";
		};
		65074EF8262320770022A96C /* ViewControllers */ = {
			isa = PBXGroup;
			children = (
				65603EF92622466F0017D5A9 /* SignInVC.swift */,
				65074EEF262320210022A96C /* FeedVC.swift */,
				65074EF2262320310022A96C /* UploadVC.swift */,
				65074EF5262320540022A96C /* SettingsVC.swift */,
				650533AE262324A6002D6C09 /* SnapVC.swift */,
			);
			path = ViewControllers;
			sourceTree = "<group>";
		};
		65074EFA262320D70022A96C /* Delegates */ = {
			isa = PBXGroup;
			children = (
				65603EF52622466F0017D5A9 /* AppDelegate.swift */,
				65603EF72622466F0017D5A9 /* SceneDelegate.swift */,
			);
			path = Delegates;
			sourceTree = "<group>";
		};
		65603EE92622466F0017D5A9 = {
			isa = PBXGroup;
			children = (
				65603EF42622466F0017D5A9 /* SnapchatClone */,
				65603EF32622466F0017D5A9 /* Products */,
				35D011EDD7A3A465A053F70C /* Pods */,
				40D48AF3C70E76E0E4D9563F /* Frameworks */,
			);
			sourceTree = "<group>";
		};
		65603EF32622466F0017D5A9 /* Products */ = {
			isa = PBXGroup;
			children = (
				65603EF22622466F0017D5A9 /* SnapchatClone.app */,
			);
			name = Products;
			sourceTree = "<group>";
		};
		65603EF42622466F0017D5A9 /* SnapchatClone */ = {
			isa = PBXGroup;
			children = (
				6562187E262344E300960153 /* Model */,
				65074EFA262320D70022A96C /* Delegates */,
				65074EF8262320770022A96C /* ViewControllers */,
				65603EFB2622466F0017D5A9 /* Main.storyboard */,
				656218982623770000960153 /* FeedCell.swift */,
				65603EFE262246700017D5A9 /* Assets.xcassets */,
				65603F00262246700017D5A9 /* LaunchScreen.storyboard */,
				65603F03262246700017D5A9 /* Info.plist */,
				65603F0A262247080017D5A9 /* GoogleService-Info.plist */,
			);
			path = SnapchatClone;
			sourceTree = "<group>";
		};
		6562187E262344E300960153 /* Model */ = {
			isa = PBXGroup;
			children = (
				6562187F262344FD00960153 /* UserSingleton.swift */,
				6562189C26237B9100960153 /* Snap.swift */,
			);
			path = Model;
			sourceTree = "<group>";
		};
/* End PBXGroup section */

/* Begin PBXNativeTarget section */
		65603EF12622466F0017D5A9 /* SnapchatClone */ = {
			isa = PBXNativeTarget;
			buildConfigurationList = 65603F06262246700017D5A9 /* Build configuration list for PBXNativeTarget "SnapchatClone" */;
			buildPhases = (
				006DA3792C7F1F1EBD7B7182 /* [CP] Check Pods Manifest.lock */,
				65603EEE2622466F0017D5A9 /* Sources */,
				65603EEF2622466F0017D5A9 /* Frameworks */,
				65603EF02622466F0017D5A9 /* Resources */,
				BB83BF6BE4121D02830CD5AF /* [CP] Embed Pods Frameworks */,
			);
			buildRules = (
			);
			dependencies = (
			);
			name = SnapchatClone;
			productName = SnapchatClone;
			productReference = 65603EF22622466F0017D5A9 /* SnapchatClone.app */;
			productType = "com.apple.product-type.application";
		};
/* End PBXNativeTarget section */

/* Begin PBXProject section */
		65603EEA2622466F0017D5A9 /* Project object */ = {
			isa = PBXProject;
			attributes = {
				LastSwiftUpdateCheck = 1240;
				LastUpgradeCheck = 1240;
				TargetAttributes = {
					65603EF12622466F0017D5A9 = {
						CreatedOnToolsVersion = 12.4;
					};
				};
			};
			buildConfigurationList = 65603EED2622466F0017D5A9 /* Build configuration list for PBXProject "SnapchatClone" */;
			compatibilityVersion = "Xcode 9.3";
			developmentRegion = en;
			hasScannedForEncodings = 0;
			knownRegions = (
				en,
				Base,
			);
			mainGroup = 65603EE92622466F0017D5A9;
			productRefGroup = 65603EF32622466F0017D5A9 /* Products */;
			projectDirPath = "";
			projectRoot = "";
			targets = (
				65603EF12622466F0017D5A9 /* SnapchatClone */,
			);
		};
/* End PBXProject section */

/* Begin PBXResourcesBuildPhase section */
		65603EF02622466F0017D5A9 /* Resources */ = {
			isa = PBXResourcesBuildPhase;
			buildActionMask = 2147483647;
			files = (
				65603F02262246700017D5A9 /* LaunchScreen.storyboard in Resources */,
				65603F0B262247080017D5A9 /* GoogleService-Info.plist in Resources */,
				65603EFF262246700017D5A9 /* Assets.xcassets in Resources */,
				65603EFD2622466F0017D5A9 /* Main.storyboard in Resources */,
			);
			runOnlyForDeploymentPostprocessing = 0;
		};
/* End PBXResourcesBuildPhase section */

/* Begin PBXShellScriptBuildPhase section */
		006DA3792C7F1F1EBD7B7182 /* [CP] Check Pods Manifest.lock */ = {
			isa = PBXShellScriptBuildPhase;
			buildActionMask = 2147483647;
			files = (
			);
			inputFileListPaths = (
			);
			inputPaths = (
				"${PODS_PODFILE_DIR_PATH}/Podfile.lock",
				"${PODS_ROOT}/Manifest.lock",
			);
			name = "[CP] Check Pods Manifest.lock";
			outputFileListPaths = (
			);
			outputPaths = (
				"$(DERIVED_FILE_DIR)/Pods-SnapchatClone-checkManifestLockResult.txt",
			);
			runOnlyForDeploymentPostprocessing = 0;
			shellPath = /bin/sh;
			shellScript = "diff \"${PODS_PODFILE_DIR_PATH}/Podfile.lock\" \"${PODS_ROOT}/Manifest.lock\" > /dev/null\nif [ $? != 0 ] ; then\n    # print error to STDERR\n    echo \"error: The sandbox is not in sync with the Podfile.lock. Run 'pod install' or update your CocoaPods installation.\" >&2\n    exit 1\nfi\n# This output is used by Xcode 'outputs' to avoid re-running this script phase.\necho \"SUCCESS\" > \"${SCRIPT_OUTPUT_FILE_0}\"\n";
			showEnvVarsInLog = 0;
		};
		BB83BF6BE4121D02830CD5AF /* [CP] Embed Pods Frameworks */ = {
			isa = PBXShellScriptBuildPhase;
			buildActionMask = 2147483647;
			files = (
			);
			inputFileListPaths = (
				"${PODS_ROOT}/Target Support Files/Pods-SnapchatClone/Pods-SnapchatClone-frameworks-${CONFIGURATION}-input-files.xcfilelist",
			);
			name = "[CP] Embed Pods Frameworks";
			outputFileListPaths = (
				"${PODS_ROOT}/Target Support Files/Pods-SnapchatClone/Pods-SnapchatClone-frameworks-${CONFIGURATION}-output-files.xcfilelist",
			);
			runOnlyForDeploymentPostprocessing = 0;
			shellPath = /bin/sh;
			shellScript = "\"${PODS_ROOT}/Target Support Files/Pods-SnapchatClone/Pods-SnapchatClone-frameworks.sh\"\n";
			showEnvVarsInLog = 0;
		};
/* End PBXShellScriptBuildPhase section */

/* Begin PBXSourcesBuildPhase section */
		65603EEE2622466F0017D5A9 /* Sources */ = {
			isa = PBXSourcesBuildPhase;
			buildActionMask = 2147483647;
			files = (
				65621880262344FD00960153 /* UserSingleton.swift in Sources */,
				6562189D26237B9100960153 /* Snap.swift in Sources */,
				65074EF0262320210022A96C /* FeedVC.swift in Sources */,
				65603EFA2622466F0017D5A9 /* SignInVC.swift in Sources */,
				65603EF62622466F0017D5A9 /* AppDelegate.swift in Sources */,
				65074EF3262320310022A96C /* UploadVC.swift in Sources */,
				650533AF262324A6002D6C09 /* SnapVC.swift in Sources */,
				65603EF82622466F0017D5A9 /* SceneDelegate.swift in Sources */,
				65074EF6262320540022A96C /* SettingsVC.swift in Sources */,
				656218992623770100960153 /* FeedCell.swift in Sources */,
			);
			runOnlyForDeploymentPostprocessing = 0;
		};
/* End PBXSourcesBuildPhase section */

/* Begin PBXVariantGroup section */
		65603EFB2622466F0017D5A9 /* Main.storyboard */ = {
			isa = PBXVariantGroup;
			children = (
				65603EFC2622466F0017D5A9 /* Base */,
			);
			name = Main.storyboard;
			sourceTree = "<group>";
		};
		65603F00262246700017D5A9 /* LaunchScreen.storyboard */ = {
			isa = PBXVariantGroup;
			children = (
				65603F01262246700017D5A9 /* Base */,
			);
			name = LaunchScreen.storyboard;
			sourceTree = "<group>";
		};
/* End PBXVariantGroup section */

/* Begin XCBuildConfiguration section */
		65603F04262246700017D5A9 /* Debug */ = {
			isa = XCBuildConfiguration;
			buildSettings = {
				ALWAYS_SEARCH_USER_PATHS = NO;
				CLANG_ANALYZER_NONNULL = YES;
				CLANG_ANALYZER_NUMBER_OBJECT_CONVERSION = YES_AGGRESSIVE;
				CLANG_CXX_LANGUAGE_STANDARD = "gnu++14";
				CLANG_CXX_LIBRARY = "libc++";
				CLANG_ENABLE_MODULES = YES;
				CLANG_ENABLE_OBJC_ARC = YES;
				CLANG_ENABLE_OBJC_WEAK = YES;
				CLANG_WARN_BLOCK_CAPTURE_AUTORELEASING = YES;
				CLANG_WARN_BOOL_CONVERSION = YES;
				CLANG_WARN_COMMA = YES;
				CLANG_WARN_CONSTANT_CONVERSION = YES;
				CLANG_WARN_DEPRECATED_OBJC_IMPLEMENTATIONS = YES;
				CLANG_WARN_DIRECT_OBJC_ISA_USAGE = YES_ERROR;
				CLANG_WARN_DOCUMENTATION_COMMENTS = YES;
				CLANG_WARN_EMPTY_BODY = YES;
				CLANG_WARN_ENUM_CONVERSION = YES;
				CLANG_WARN_INFINITE_RECURSION = YES;
				CLANG_WARN_INT_CONVERSION = YES;
				CLANG_WARN_NON_LITERAL_NULL_CONVERSION = YES;
				CLANG_WARN_OBJC_IMPLICIT_RETAIN_SELF = YES;
				CLANG_WARN_OBJC_LITERAL_CONVERSION = YES;
				CLANG_WARN_OBJC_ROOT_CLASS = YES_ERROR;
				CLANG_WARN_QUOTED_INCLUDE_IN_FRAMEWORK_HEADER = YES;
				CLANG_WARN_RANGE_LOOP_ANALYSIS = YES;
				CLANG_WARN_STRICT_PROTOTYPES = YES;
				CLANG_WARN_SUSPICIOUS_MOVE = YES;
				CLANG_WARN_UNGUARDED_AVAILABILITY = YES_AGGRESSIVE;
				CLANG_WARN_UNREACHABLE_CODE = YES;
				CLANG_WARN__DUPLICATE_METHOD_MATCH = YES;
				COPY_PHASE_STRIP = NO;
				DEBUG_INFORMATION_FORMAT = dwarf;
				ENABLE_STRICT_OBJC_MSGSEND = YES;
				ENABLE_TESTABILITY = YES;
				GCC_C_LANGUAGE_STANDARD = gnu11;
				GCC_DYNAMIC_NO_PIC = NO;
				GCC_NO_COMMON_BLOCKS = YES;
				GCC_OPTIMIZATION_LEVEL = 0;
				GCC_PREPROCESSOR_DEFINITIONS = (
					"DEBUG=1",
					"$(inherited)",
				);
				GCC_WARN_64_TO_32_BIT_CONVERSION = YES;
				GCC_WARN_ABOUT_RETURN_TYPE = YES_ERROR;
				GCC_WARN_UNDECLARED_SELECTOR = YES;
				GCC_WARN_UNINITIALIZED_AUTOS = YES_AGGRESSIVE;
				GCC_WARN_UNUSED_FUNCTION = YES;
				GCC_WARN_UNUSED_VARIABLE = YES;
				IPHONEOS_DEPLOYMENT_TARGET = 14.4;
				MTL_ENABLE_DEBUG_INFO = INCLUDE_SOURCE;
				MTL_FAST_MATH = YES;
				ONLY_ACTIVE_ARCH = YES;
				SDKROOT = iphoneos;
				SWIFT_ACTIVE_COMPILATION_CONDITIONS = DEBUG;
				SWIFT_OPTIMIZATION_LEVEL = "-Onone";
			};
			name = Debug;
		};
		65603F05262246700017D5A9 /* Release */ = {
			isa = XCBuildConfiguration;
			buildSettings = {
				ALWAYS_SEARCH_USER_PATHS = NO;
				CLANG_ANALYZER_NONNULL = YES;
				CLANG_ANALYZER_NUMBER_OBJECT_CONVERSION = YES_AGGRESSIVE;
				CLANG_CXX_LANGUAGE_STANDARD = "gnu++14";
				CLANG_CXX_LIBRARY = "libc++";
				CLANG_ENABLE_MODULES = YES;
				CLANG_ENABLE_OBJC_ARC = YES;
				CLANG_ENABLE_OBJC_WEAK = YES;
				CLANG_WARN_BLOCK_CAPTURE_AUTORELEASING = YES;
				CLANG_WARN_BOOL_CONVERSION = YES;
				CLANG_WARN_COMMA = YES;
				CLANG_WARN_CONSTANT_CONVERSION = YES;
				CLANG_WARN_DEPRECATED_OBJC_IMPLEMENTATIONS = YES;
				CLANG_WARN_DIRECT_OBJC_ISA_USAGE = YES_ERROR;
				CLANG_WARN_DOCUMENTATION_COMMENTS = YES;
				CLANG_WARN_EMPTY_BODY = YES;
				CLANG_WARN_ENUM_CONVERSION = YES;
				CLANG_WARN_INFINITE_RECURSION = YES;
				CLANG_WARN_INT_CONVERSION = YES;
				CLANG_WARN_NON_LITERAL_NULL_CONVERSION = YES;
				CLANG_WARN_OBJC_IMPLICIT_RETAIN_SELF = YES;
				CLANG_WARN_OBJC_LITERAL_CONVERSION = YES;
				CLANG_WARN_OBJC_ROOT_CLASS = YES_ERROR;
				CLANG_WARN_QUOTED_INCLUDE_IN_FRAMEWORK_HEADER = YES;
				CLANG_WARN_RANGE_LOOP_ANALYSIS = YES;
				CLANG_WARN_STRICT_PROTOTYPES = YES;
				CLANG_WARN_SUSPICIOUS_MOVE = YES;
				CLANG_WARN_UNGUARDED_AVAILABILITY = YES_AGGRESSIVE;
				CLANG_WARN_UNREACHABLE_CODE = YES;
				CLANG_WARN__DUPLICATE_METHOD_MATCH = YES;
				COPY_PHASE_STRIP = NO;
				DEBUG_INFORMATION_FORMAT = "dwarf-with-dsym";
				ENABLE_NS_ASSERTIONS = NO;
				ENABLE_STRICT_OBJC_MSGSEND = YES;
				GCC_C_LANGUAGE_STANDARD = gnu11;
				GCC_NO_COMMON_BLOCKS = YES;
				GCC_WARN_64_TO_32_BIT_CONVERSION = YES;
				GCC_WARN_ABOUT_RETURN_TYPE = YES_ERROR;
				GCC_WARN_UNDECLARED_SELECTOR = YES;
				GCC_WARN_UNINITIALIZED_AUTOS = YES_AGGRESSIVE;
				GCC_WARN_UNUSED_FUNCTION = YES;
				GCC_WARN_UNUSED_VARIABLE = YES;
				IPHONEOS_DEPLOYMENT_TARGET = 14.4;
				MTL_ENABLE_DEBUG_INFO = NO;
				MTL_FAST_MATH = YES;
				SDKROOT = iphoneos;
				SWIFT_COMPILATION_MODE = wholemodule;
				SWIFT_OPTIMIZATION_LEVEL = "-O";
				VALIDATE_PRODUCT = YES;
			};
			name = Release;
		};
		65603F07262246700017D5A9 /* Debug */ = {
			isa = XCBuildConfiguration;
			baseConfigurationReference = 4D1A897A1039D47047342582 /* Pods-SnapchatClone.debug.xcconfig */;
			buildSettings = {
				ASSETCATALOG_COMPILER_APPICON_NAME = AppIcon;
				ASSETCATALOG_COMPILER_GLOBAL_ACCENT_COLOR_NAME = AccentColor;
				CODE_SIGN_STYLE = Automatic;
				DEVELOPMENT_TEAM = D5ZAN7Z73F;
				INFOPLIST_FILE = SnapchatClone/Info.plist;
				LD_RUNPATH_SEARCH_PATHS = (
					"$(inherited)",
					"@executable_path/Frameworks",
				);
				PRODUCT_BUNDLE_IDENTIFIER = cengizhandumlu.SnapchatClone;
				PRODUCT_NAME = "$(TARGET_NAME)";
				SWIFT_VERSION = 5.0;
				TARGETED_DEVICE_FAMILY = "1,2";
			};
			name = Debug;
		};
		65603F08262246700017D5A9 /* Release */ = {
			isa = XCBuildConfiguration;
			baseConfigurationReference = 64022C233782FA53EFFB6BF5 /* Pods-SnapchatClone.release.xcconfig */;
			buildSettings = {
				ASSETCATALOG_COMPILER_APPICON_NAME = AppIcon;
				ASSETCATALOG_COMPILER_GLOBAL_ACCENT_COLOR_NAME = AccentColor;
				CODE_SIGN_STYLE = Automatic;
				DEVELOPMENT_TEAM = D5ZAN7Z73F;
				INFOPLIST_FILE = SnapchatClone/Info.plist;
				LD_RUNPATH_SEARCH_PATHS = (
					"$(inherited)",
					"@executable_path/Frameworks",
				);
				PRODUCT_BUNDLE_IDENTIFIER = cengizhandumlu.SnapchatClone;
				PRODUCT_NAME = "$(TARGET_NAME)";
				SWIFT_VERSION = 5.0;
				TARGETED_DEVICE_FAMILY = "1,2";
			};
			name = Release;
		};
/* End XCBuildConfiguration section */

/* Begin XCConfigurationList section */
		65603EED2622466F0017D5A9 /* Build configuration list for PBXProject "SnapchatClone" */ = {
			isa = XCConfigurationList;
			buildConfigurations = (
				65603F04262246700017D5A9 /* Debug */,
				65603F05262246700017D5A9 /* Release */,
			);
			defaultConfigurationIsVisible = 0;
			defaultConfigurationName = Release;
		};
		65603F06262246700017D5A9 /* Build configuration list for PBXNativeTarget "SnapchatClone" */ = {
			isa = XCConfigurationList;
			buildConfigurations = (
				65603F07262246700017D5A9 /* Debug */,
				65603F08262246700017D5A9 /* Release */,
			);
			defaultConfigurationIsVisible = 0;
			defaultConfigurationName = Release;
		};
/* End XCConfigurationList section */
	};
	rootObject = 65603EEA2622466F0017D5A9 /* Project object */;
}
